
Microsoft Visual Studio Solution File, Format Version 12.00
# Visual Studio Version 17
VisualStudioVersion = 17.11.35222.181
MinimumVisualStudioVersion = 10.0.40219.1
Project("{FAE04EC0-301F-11D3-BF4B-00C04F79EFBC}") = "DemoCICDPipeLine", "DemoCICDPipeLine.csproj", "{B9C441F7-9A5F-4201-B74E-A7C2E21019F7}"
EndProject
Global
	GlobalSection(SolutionConfigurationPlatforms) = preSolution
		Debug|Any CPU = Debug|Any CPU
		Release|Any CPU = Release|Any CPU
	EndGlobalSection
	GlobalSection(ProjectConfigurationPlatforms) = postSolution
		{B9C441F7-9A5F-4201-B74E-A7C2E21019F7}.Debug|Any CPU.ActiveCfg = Debug|Any CPU
		{B9C441F7-9A5F-4201-B74E-A7C2E21019F7}.Debug|Any CPU.Build.0 = Debug|Any CPU
		{B9C441F7-9A5F-4201-B74E-A7C2E21019F7}.Release|Any CPU.ActiveCfg = Release|Any CPU
		{B9C441F7-9A5F-4201-B74E-A7C2E21019F7}.Release|Any CPU.Build.0 = Release|Any CPU
	EndGlobalSection
	GlobalSection(SolutionProperties) = preSolution
		HideSolutionNode = FALSE
	EndGlobalSection
	GlobalSection(ExtensibilityGlobals) = postSolution
		SolutionGuid = {A8C72E85-46B9-4B69-AF02-A5FE215CAB7A}
	EndGlobalSection
EndGlobal
